
Microsoft Visual Studio Solution File, Format Version 12.00
# Visual Studio 15
VisualStudioVersion = 15.0.27703.2035
MinimumVisualStudioVersion = 10.0.40219.1
Project("{9A19103F-16F7-4668-BE54-9A1E7A4F7556}") = "FileUploader", "FileUploader.csproj", "{8F9DD772-4F95-413E-974E-C521C09D65EB}"
EndProject
Global
	GlobalSection(SolutionConfigurationPlatforms) = preSolution
		Debug|Any CPU = Debug|Any CPU
		Release|Any CPU = Release|Any CPU
	EndGlobalSection
	GlobalSection(ProjectConfigurationPlatforms) = postSolution
		{8F9DD772-4F95-413E-974E-C521C09D65EB}.Debug|Any CPU.ActiveCfg = Debug|Any CPU
		{8F9DD772-4F95-413E-974E-C521C09D65EB}.Debug|Any CPU.Build.0 = Debug|Any CPU
		{8F9DD772-4F95-413E-974E-C521C09D65EB}.Release|Any CPU.ActiveCfg = Release|Any CPU
		{8F9DD772-4F95-413E-974E-C521C09D65EB}.Release|Any CPU.Build.0 = Release|Any CPU
	EndGlobalSection
	GlobalSection(SolutionProperties) = preSolution
		HideSolutionNode = FALSE
	EndGlobalSection
	GlobalSection(ExtensibilityGlobals) = postSolution
		SolutionGuid = {7C156C2A-B801-4F5B-9288-9A5A37F7B267}
	EndGlobalSection
EndGlobal
